# generated by rye
# use `rye lock` or `rye sync` to update this lockfile
#
# last locked with the following flags:
#   pre: false
#   features: []
#   all-features: false
#   with-sources: false

-e file:.
cffi==1.16.0
    # via sounddevice
numpy==1.26.4
    # via voicevox-core
pycparser==2.22
    # via cffi
pydantic==1.10.15
    # via voicevox-core
sounddevice==0.4.6
    # via my-servant
typing-extensions==4.11.0
    # via pydantic
voicevox-core @ https://github.com/VOICEVOX/voicevox_core/releases/download/0.15.3/voicevox_core-0.15.3+cpu-cp38-abi3-macosx_11_0_arm64.whl
    # via my-servant
